
Microsoft Visual Studio Solution File, Format Version 12.00
# Visual Studio Version 16
VisualStudioVersion = 16.0.29905.134
MinimumVisualStudioVersion = 10.0.40219.1
Project("{FAE04EC0-301F-11D3-BF4B-00C04F79EFBC}") = "ClassDemoDesignPatterns", "ClassDemoDesignPatterns\ClassDemoDesignPatterns.csproj", "{527B6D47-46B2-4152-8B2F-124262F6F08F}"
EndProject
Global
	GlobalSection(SolutionConfigurationPlatforms) = preSolution
		Debug|Any CPU = Debug|Any CPU
		Release|Any CPU = Release|Any CPU
	EndGlobalSection
	GlobalSection(ProjectConfigurationPlatforms) = postSolution
		{527B6D47-46B2-4152-8B2F-124262F6F08F}.Debug|Any CPU.ActiveCfg = Debug|Any CPU
		{527B6D47-46B2-4152-8B2F-124262F6F08F}.Debug|Any CPU.Build.0 = Debug|Any CPU
		{527B6D47-46B2-4152-8B2F-124262F6F08F}.Release|Any CPU.ActiveCfg = Release|Any CPU
		{527B6D47-46B2-4152-8B2F-124262F6F08F}.Release|Any CPU.Build.0 = Release|Any CPU
	EndGlobalSection
	GlobalSection(SolutionProperties) = preSolution
		HideSolutionNode = FALSE
	EndGlobalSection
	GlobalSection(ExtensibilityGlobals) = postSolution
		SolutionGuid = {956878F4-C7EE-4113-855F-720E126DC0F0}
	EndGlobalSection
EndGlobal
